
Microsoft Visual Studio Solution File, Format Version 12.00
# Visual Studio 15
VisualStudioVersion = 15.0.27428.2037
MinimumVisualStudioVersion = 10.0.40219.1
Project("{9A19103F-16F7-4668-BE54-9A1E7A4F7556}") = "TodoApi", "TodoApi.csproj", "{72284083-356E-47DB-83AF-4E485BA043FD}"
EndProject
Global
	GlobalSection(SolutionConfigurationPlatforms) = preSolution
		Debug|Any CPU = Debug|Any CPU
		Release|Any CPU = Release|Any CPU
	EndGlobalSection
	GlobalSection(ProjectConfigurationPlatforms) = postSolution
		{72284083-356E-47DB-83AF-4E485BA043FD}.Debug|Any CPU.ActiveCfg = Debug|Any CPU
		{72284083-356E-47DB-83AF-4E485BA043FD}.Debug|Any CPU.Build.0 = Debug|Any CPU
		{72284083-356E-47DB-83AF-4E485BA043FD}.Release|Any CPU.ActiveCfg = Release|Any CPU
		{72284083-356E-47DB-83AF-4E485BA043FD}.Release|Any CPU.Build.0 = Release|Any CPU
	EndGlobalSection
	GlobalSection(SolutionProperties) = preSolution
		HideSolutionNode = FALSE
	EndGlobalSection
	GlobalSection(ExtensibilityGlobals) = postSolution
		SolutionGuid = {C2880FED-E9BD-4BD6-BCE5-E6123E99345A}
	EndGlobalSection
EndGlobal
